
Microsoft Visual Studio Solution File, Format Version 12.00
# Visual Studio Version 16
VisualStudioVersion = 16.0.32510.428
MinimumVisualStudioVersion = 10.0.40219.1
Project("{888888A0-9F3D-457C-B088-3A5042F75D52}") = "PythonSelenium", "PythonSelenium\PythonSelenium.pyproj", "{1222714C-F88E-4882-BF32-63DF0E7D236D}"
EndProject
Global
	GlobalSection(SolutionConfigurationPlatforms) = preSolution
		Debug|Any CPU = Debug|Any CPU
		Release|Any CPU = Release|Any CPU
	EndGlobalSection
	GlobalSection(ProjectConfigurationPlatforms) = postSolution
		{1222714C-F88E-4882-BF32-63DF0E7D236D}.Debug|Any CPU.ActiveCfg = Debug|Any CPU
		{1222714C-F88E-4882-BF32-63DF0E7D236D}.Release|Any CPU.ActiveCfg = Release|Any CPU
	EndGlobalSection
	GlobalSection(SolutionProperties) = preSolution
		HideSolutionNode = FALSE
	EndGlobalSection
	GlobalSection(ExtensibilityGlobals) = postSolution
		SolutionGuid = {2730F514-78D5-4DB5-B8A6-D0AEEAFD12F0}
	EndGlobalSection
EndGlobal
